
Microsoft Visual Studio Solution File, Format Version 12.00
# Visual Studio Version 17
VisualStudioVersion = 17.0.31903.59
MinimumVisualStudioVersion = 10.0.40219.1
Project("{2150E333-8FDC-42A3-9474-1A3956D46DE8}") = "MicroServices", "MicroServices", "{FEC817D6-1C9D-45BC-9981-256A54612993}"
EndProject
Project("{2150E333-8FDC-42A3-9474-1A3956D46DE8}") = "ProductCatalog", "ProductCatalog", "{3F6129D7-F5FD-404E-A5C8-5C189F8FDBCF}"
EndProject
Project("{2150E333-8FDC-42A3-9474-1A3956D46DE8}") = "Clients", "Clients", "{3C3ECFC4-01BE-458F-818E-9F1FC3C0CE30}"
EndProject
Project("{9A19103F-16F7-4668-BE54-9A1E7A4F7556}") = "BlazorApp", "src\Clients\Blazor.Client\BlazorApp.csproj", "{C6E43221-EC08-4160-9FE1-ABC7BF339EF0}"
EndProject
Project("{9A19103F-16F7-4668-BE54-9A1E7A4F7556}") = "Catalog.Api", "src\MicroServices\ProductCatalog\Catalog.Api\Catalog.Api.csproj", "{20267671-31BA-4ADF-9110-7FD0AE64ADB6}"
EndProject
Project("{9A19103F-16F7-4668-BE54-9A1E7A4F7556}") = "Catalog.Domain", "src\MicroServices\ProductCatalog\Catalog.Domain\Catalog.Domain.csproj", "{A1AEBAED-62B5-4E9F-B973-F3EBC0715BAE}"
EndProject
Project("{9A19103F-16F7-4668-BE54-9A1E7A4F7556}") = "Catalog.Infrastructure", "src\MicroServices\ProductCatalog\Catalog.Infrastructure\Catalog.Infrastructure.csproj", "{7C9214BB-B995-4476-A762-9E5C151A7BF4}"
EndProject
Project("{2150E333-8FDC-42A3-9474-1A3956D46DE8}") = "ShoppingCart", "ShoppingCart", "{11073258-81FC-42C3-8669-DB014BFAC226}"
EndProject
Project("{9A19103F-16F7-4668-BE54-9A1E7A4F7556}") = "ShoppingCart.Api", "src\MicroServices\ShoppingCart\ShoppingCart.Api\ShoppingCart.Api.csproj", "{3C3F145E-75D6-417F-8C40-8006B68CA669}"
EndProject
Project("{9A19103F-16F7-4668-BE54-9A1E7A4F7556}") = "ShoppingCart.Domain", "src\MicroServices\ShoppingCart\ShoppingCart.Domain\ShoppingCart.Domain.csproj", "{918DE11A-A2C1-42DE-852E-863B80DE0FFE}"
EndProject
Project("{9A19103F-16F7-4668-BE54-9A1E7A4F7556}") = "ShoppingCart.Infrastructure", "src\MicroServices\ShoppingCart\ShoppingCart.Infrastructure\ShoppingCart.Infrastructure.csproj", "{05BEB963-F547-4D80-ACE7-F8EE6C65B388}"
EndProject
Project("{2150E333-8FDC-42A3-9474-1A3956D46DE8}") = "ApiGateway", "ApiGateway", "{2B940E2E-4170-4BF6-A6F4-FCFD25EBE7F4}"
EndProject
Project("{9A19103F-16F7-4668-BE54-9A1E7A4F7556}") = "YarpApiGateway", "src\ApiGateway\YarpApiGateway\YarpApiGateway.csproj", "{3F267EFE-56F6-4A97-A0F2-BCADEAB66710}"
EndProject
Project("{2150E333-8FDC-42A3-9474-1A3956D46DE8}") = "Monitoring", "Monitoring", "{F043822E-A6FB-4A4F-9CF4-AAB3EE6FFC39}"
EndProject
Project("{9A19103F-16F7-4668-BE54-9A1E7A4F7556}") = "HealthCheckMonitor", "src\Monitoring\HealthCheckMonitor\HealthCheckMonitor.csproj", "{91D3CE6C-6B83-4828-A351-164B21613579}"
EndProject
Project("{2150E333-8FDC-42A3-9474-1A3956D46DE8}") = "IdentityProvider", "IdentityProvider", "{70B99F95-890B-4416-8A28-62D7527B95F5}"
EndProject
Project("{FAE04EC0-301F-11D3-BF4B-00C04F79EFBC}") = "Auth.Api", "src\IdentityProvider\Auth.Api\Auth.Api.csproj", "{FF2D0CF5-9B05-46C2-8AA3-D62BFDE7B525}"
EndProject
Global
	GlobalSection(SolutionConfigurationPlatforms) = preSolution
		Debug|Any CPU = Debug|Any CPU
		Release|Any CPU = Release|Any CPU
	EndGlobalSection
	GlobalSection(ProjectConfigurationPlatforms) = postSolution
		{C6E43221-EC08-4160-9FE1-ABC7BF339EF0}.Debug|Any CPU.ActiveCfg = Debug|Any CPU
		{C6E43221-EC08-4160-9FE1-ABC7BF339EF0}.Debug|Any CPU.Build.0 = Debug|Any CPU
		{C6E43221-EC08-4160-9FE1-ABC7BF339EF0}.Release|Any CPU.ActiveCfg = Release|Any CPU
		{C6E43221-EC08-4160-9FE1-ABC7BF339EF0}.Release|Any CPU.Build.0 = Release|Any CPU
		{20267671-31BA-4ADF-9110-7FD0AE64ADB6}.Debug|Any CPU.ActiveCfg = Debug|Any CPU
		{20267671-31BA-4ADF-9110-7FD0AE64ADB6}.Debug|Any CPU.Build.0 = Debug|Any CPU
		{20267671-31BA-4ADF-9110-7FD0AE64ADB6}.Release|Any CPU.ActiveCfg = Release|Any CPU
		{20267671-31BA-4ADF-9110-7FD0AE64ADB6}.Release|Any CPU.Build.0 = Release|Any CPU
		{A1AEBAED-62B5-4E9F-B973-F3EBC0715BAE}.Debug|Any CPU.ActiveCfg = Debug|Any CPU
		{A1AEBAED-62B5-4E9F-B973-F3EBC0715BAE}.Debug|Any CPU.Build.0 = Debug|Any CPU
		{A1AEBAED-62B5-4E9F-B973-F3EBC0715BAE}.Release|Any CPU.ActiveCfg = Release|Any CPU
		{A1AEBAED-62B5-4E9F-B973-F3EBC0715BAE}.Release|Any CPU.Build.0 = Release|Any CPU
		{7C9214BB-B995-4476-A762-9E5C151A7BF4}.Debug|Any CPU.ActiveCfg = Debug|Any CPU
		{7C9214BB-B995-4476-A762-9E5C151A7BF4}.Debug|Any CPU.Build.0 = Debug|Any CPU
		{7C9214BB-B995-4476-A762-9E5C151A7BF4}.Release|Any CPU.ActiveCfg = Release|Any CPU
		{7C9214BB-B995-4476-A762-9E5C151A7BF4}.Release|Any CPU.Build.0 = Release|Any CPU
		{3C3F145E-75D6-417F-8C40-8006B68CA669}.Debug|Any CPU.ActiveCfg = Debug|Any CPU
		{3C3F145E-75D6-417F-8C40-8006B68CA669}.Debug|Any CPU.Build.0 = Debug|Any CPU
		{3C3F145E-75D6-417F-8C40-8006B68CA669}.Release|Any CPU.ActiveCfg = Release|Any CPU
		{3C3F145E-75D6-417F-8C40-8006B68CA669}.Release|Any CPU.Build.0 = Release|Any CPU
		{918DE11A-A2C1-42DE-852E-863B80DE0FFE}.Debug|Any CPU.ActiveCfg = Debug|Any CPU
		{918DE11A-A2C1-42DE-852E-863B80DE0FFE}.Debug|Any CPU.Build.0 = Debug|Any CPU
		{918DE11A-A2C1-42DE-852E-863B80DE0FFE}.Release|Any CPU.ActiveCfg = Release|Any CPU
		{918DE11A-A2C1-42DE-852E-863B80DE0FFE}.Release|Any CPU.Build.0 = Release|Any CPU
		{05BEB963-F547-4D80-ACE7-F8EE6C65B388}.Debug|Any CPU.ActiveCfg = Debug|Any CPU
		{05BEB963-F547-4D80-ACE7-F8EE6C65B388}.Debug|Any CPU.Build.0 = Debug|Any CPU
		{05BEB963-F547-4D80-ACE7-F8EE6C65B388}.Release|Any CPU.ActiveCfg = Release|Any CPU
		{05BEB963-F547-4D80-ACE7-F8EE6C65B388}.Release|Any CPU.Build.0 = Release|Any CPU
		{3F267EFE-56F6-4A97-A0F2-BCADEAB66710}.Debug|Any CPU.ActiveCfg = Debug|Any CPU
		{3F267EFE-56F6-4A97-A0F2-BCADEAB66710}.Debug|Any CPU.Build.0 = Debug|Any CPU
		{3F267EFE-56F6-4A97-A0F2-BCADEAB66710}.Release|Any CPU.ActiveCfg = Release|Any CPU
		{3F267EFE-56F6-4A97-A0F2-BCADEAB66710}.Release|Any CPU.Build.0 = Release|Any CPU
		{91D3CE6C-6B83-4828-A351-164B21613579}.Debug|Any CPU.ActiveCfg = Debug|Any CPU
		{91D3CE6C-6B83-4828-A351-164B21613579}.Debug|Any CPU.Build.0 = Debug|Any CPU
		{91D3CE6C-6B83-4828-A351-164B21613579}.Release|Any CPU.ActiveCfg = Release|Any CPU
		{91D3CE6C-6B83-4828-A351-164B21613579}.Release|Any CPU.Build.0 = Release|Any CPU
		{FF2D0CF5-9B05-46C2-8AA3-D62BFDE7B525}.Debug|Any CPU.ActiveCfg = Debug|Any CPU
		{FF2D0CF5-9B05-46C2-8AA3-D62BFDE7B525}.Debug|Any CPU.Build.0 = Debug|Any CPU
		{FF2D0CF5-9B05-46C2-8AA3-D62BFDE7B525}.Release|Any CPU.ActiveCfg = Release|Any CPU
		{FF2D0CF5-9B05-46C2-8AA3-D62BFDE7B525}.Release|Any CPU.Build.0 = Release|Any CPU
	EndGlobalSection
	GlobalSection(SolutionProperties) = preSolution
		HideSolutionNode = FALSE
	EndGlobalSection
	GlobalSection(NestedProjects) = preSolution
		{3F6129D7-F5FD-404E-A5C8-5C189F8FDBCF} = {FEC817D6-1C9D-45BC-9981-256A54612993}
		{C6E43221-EC08-4160-9FE1-ABC7BF339EF0} = {3C3ECFC4-01BE-458F-818E-9F1FC3C0CE30}
		{20267671-31BA-4ADF-9110-7FD0AE64ADB6} = {3F6129D7-F5FD-404E-A5C8-5C189F8FDBCF}
		{A1AEBAED-62B5-4E9F-B973-F3EBC0715BAE} = {3F6129D7-F5FD-404E-A5C8-5C189F8FDBCF}
		{7C9214BB-B995-4476-A762-9E5C151A7BF4} = {3F6129D7-F5FD-404E-A5C8-5C189F8FDBCF}
		{11073258-81FC-42C3-8669-DB014BFAC226} = {FEC817D6-1C9D-45BC-9981-256A54612993}
		{3C3F145E-75D6-417F-8C40-8006B68CA669} = {11073258-81FC-42C3-8669-DB014BFAC226}
		{918DE11A-A2C1-42DE-852E-863B80DE0FFE} = {11073258-81FC-42C3-8669-DB014BFAC226}
		{05BEB963-F547-4D80-ACE7-F8EE6C65B388} = {11073258-81FC-42C3-8669-DB014BFAC226}
		{3F267EFE-56F6-4A97-A0F2-BCADEAB66710} = {2B940E2E-4170-4BF6-A6F4-FCFD25EBE7F4}
		{91D3CE6C-6B83-4828-A351-164B21613579} = {F043822E-A6FB-4A4F-9CF4-AAB3EE6FFC39}
		{FF2D0CF5-9B05-46C2-8AA3-D62BFDE7B525} = {70B99F95-890B-4416-8A28-62D7527B95F5}
	EndGlobalSection
	GlobalSection(ExtensibilityGlobals) = postSolution
		SolutionGuid = {BCB1EAC5-8E74-4452-835A-605AC212ABC9}
	EndGlobalSection
EndGlobal
